{
  "name": "nuban-prediction",
  "version": "1.0.0",
  "lockfileVersion": 3,
  "requires": true,
  "packages": {
    "": {
      "name": "nuban-prediction",
      "version": "1.0.0",
      "license": "ISC",
      "dependencies": {
        "nigeria-phone-number-validator": "^1.0.4"
      }
    },
    "node_modules/nigeria-phone-number-validator": {
      "version": "1.0.4",
      "resolved": "https://registry.npmjs.org/nigeria-phone-number-validator/-/nigeria-phone-number-validator-1.0.4.tgz",
      "integrity": "sha512-DXCACuuIL6GHXNV58PKb5k+k+yBz9I6WQcHb2kFq0n3Di0uedSsT8IMRTX0OXDckDUWtkr/b460OTuwKo1BxFg==",
      "license": "ISC"
    }
  }
}
